
Microsoft Visual Studio Solution File, Format Version 12.00
# Visual Studio Version 16
VisualStudioVersion = 16.0.30907.101
MinimumVisualStudioVersion = 10.0.40219.1
Project("{FAE04EC0-301F-11D3-BF4B-00C04F79EFBC}") = "Leak", "Leak.csproj", "{8728F43E-FDCB-4452-8701-B0B1CAACAA08}"
EndProject
Project("{54435603-DBB4-11D2-8724-00A0C9A8B90C}") = "LEAKLOG", "..\LEAKLOG\LEAKLOG.vdproj", "{6207CA5B-127A-457F-AE0B-F7694B18962A}"
EndProject
Global
	GlobalSection(SolutionConfigurationPlatforms) = preSolution
		Debug|Any CPU = Debug|Any CPU
		Release|Any CPU = Release|Any CPU
	EndGlobalSection
	GlobalSection(ProjectConfigurationPlatforms) = postSolution
		{8728F43E-FDCB-4452-8701-B0B1CAACAA08}.Debug|Any CPU.ActiveCfg = Debug|Any CPU
		{8728F43E-FDCB-4452-8701-B0B1CAACAA08}.Debug|Any CPU.Build.0 = Debug|Any CPU
		{8728F43E-FDCB-4452-8701-B0B1CAACAA08}.Release|Any CPU.ActiveCfg = Release|Any CPU
		{8728F43E-FDCB-4452-8701-B0B1CAACAA08}.Release|Any CPU.Build.0 = Release|Any CPU
		{6207CA5B-127A-457F-AE0B-F7694B18962A}.Debug|Any CPU.ActiveCfg = Debug
		{6207CA5B-127A-457F-AE0B-F7694B18962A}.Release|Any CPU.ActiveCfg = Release
	EndGlobalSection
	GlobalSection(SolutionProperties) = preSolution
		HideSolutionNode = FALSE
	EndGlobalSection
	GlobalSection(ExtensibilityGlobals) = postSolution
		SolutionGuid = {1F750BE5-1F01-421D-A05A-FF67C2769541}
	EndGlobalSection
EndGlobal
